
Microsoft Visual Studio Solution File, Format Version 12.00
# Visual Studio Version 17
VisualStudioVersion = 17.13.35931.197
MinimumVisualStudioVersion = 10.0.40219.1
Project("{FAE04EC0-301F-11D3-BF4B-00C04F79EFBC}") = "YurtApps.Domain", "YurtApps.Domain\YurtApps.Domain.csproj", "{7CC10B6B-DC83-45B5-AD4D-7237505C2880}"
EndProject
Project("{FAE04EC0-301F-11D3-BF4B-00C04F79EFBC}") = "YurtApps.Application", "YurtApps.Application\YurtApps.Application.csproj", "{A39D123A-EFF5-4361-8FD4-98A11EB6D592}"
EndProject
Project("{FAE04EC0-301F-11D3-BF4B-00C04F79EFBC}") = "YurtApps.Infrastructure", "YurtApps.Infrastructure\YurtApps.Infrastructure.csproj", "{539264DA-9B4D-4DEA-BC6F-78C472E79276}"
EndProject
Project("{FAE04EC0-301F-11D3-BF4B-00C04F79EFBC}") = "YurtApps.Api", "YurtApps.Api\YurtApps.Api.csproj", "{6B3400F1-3B01-4E0A-AECC-DC611B986006}"
EndProject
Project("{FAE04EC0-301F-11D3-BF4B-00C04F79EFBC}") = "YurtApps.RabbitMq", "YurtApps.RabbitMq\YurtApps.RabbitMq.csproj", "{991B806C-7C0A-4FC5-B715-2500E5E9C08D}"
EndProject
Global
	GlobalSection(SolutionConfigurationPlatforms) = preSolution
		Debug|Any CPU = Debug|Any CPU
		Release|Any CPU = Release|Any CPU
	EndGlobalSection
	GlobalSection(ProjectConfigurationPlatforms) = postSolution
		{7CC10B6B-DC83-45B5-AD4D-7237505C2880}.Debug|Any CPU.ActiveCfg = Debug|Any CPU
		{7CC10B6B-DC83-45B5-AD4D-7237505C2880}.Debug|Any CPU.Build.0 = Debug|Any CPU
		{7CC10B6B-DC83-45B5-AD4D-7237505C2880}.Release|Any CPU.ActiveCfg = Release|Any CPU
		{7CC10B6B-DC83-45B5-AD4D-7237505C2880}.Release|Any CPU.Build.0 = Release|Any CPU
		{A39D123A-EFF5-4361-8FD4-98A11EB6D592}.Debug|Any CPU.ActiveCfg = Debug|Any CPU
		{A39D123A-EFF5-4361-8FD4-98A11EB6D592}.Debug|Any CPU.Build.0 = Debug|Any CPU
		{A39D123A-EFF5-4361-8FD4-98A11EB6D592}.Release|Any CPU.ActiveCfg = Release|Any CPU
		{A39D123A-EFF5-4361-8FD4-98A11EB6D592}.Release|Any CPU.Build.0 = Release|Any CPU
		{539264DA-9B4D-4DEA-BC6F-78C472E79276}.Debug|Any CPU.ActiveCfg = Debug|Any CPU
		{539264DA-9B4D-4DEA-BC6F-78C472E79276}.Debug|Any CPU.Build.0 = Debug|Any CPU
		{539264DA-9B4D-4DEA-BC6F-78C472E79276}.Release|Any CPU.ActiveCfg = Release|Any CPU
		{539264DA-9B4D-4DEA-BC6F-78C472E79276}.Release|Any CPU.Build.0 = Release|Any CPU
		{6B3400F1-3B01-4E0A-AECC-DC611B986006}.Debug|Any CPU.ActiveCfg = Debug|Any CPU
		{6B3400F1-3B01-4E0A-AECC-DC611B986006}.Debug|Any CPU.Build.0 = Debug|Any CPU
		{6B3400F1-3B01-4E0A-AECC-DC611B986006}.Release|Any CPU.ActiveCfg = Release|Any CPU
		{6B3400F1-3B01-4E0A-AECC-DC611B986006}.Release|Any CPU.Build.0 = Release|Any CPU
		{991B806C-7C0A-4FC5-B715-2500E5E9C08D}.Debug|Any CPU.ActiveCfg = Debug|Any CPU
		{991B806C-7C0A-4FC5-B715-2500E5E9C08D}.Debug|Any CPU.Build.0 = Debug|Any CPU
		{991B806C-7C0A-4FC5-B715-2500E5E9C08D}.Release|Any CPU.ActiveCfg = Release|Any CPU
		{991B806C-7C0A-4FC5-B715-2500E5E9C08D}.Release|Any CPU.Build.0 = Release|Any CPU
	EndGlobalSection
	GlobalSection(SolutionProperties) = preSolution
		HideSolutionNode = FALSE
	EndGlobalSection
	GlobalSection(ExtensibilityGlobals) = postSolution
		SolutionGuid = {690980D8-9105-4C5A-85A0-3C817524FC0B}
	EndGlobalSection
EndGlobal
